[
  {
    "name": "iana-etc",
    "version": "20260617-1",
    "url": "https://mirrors.cat.net/archlinux/core/os/x86_64/iana-etc-20260617-1-any.pkg.tar.zst",
    "roles": [
      "guest"
    ],
    "sha256": "f451da19de46e77177d959239e03b6ee837c93966ac72ca0b80a1e9a32abeb67",
    "filename": "iana-etc-20260617-1-any.pkg.tar.zst",
    "signer_fingerprint": "E499C79F53C96A54E572FEE1C06086337C50773E"
  },
  {
    "name": "filesystem",
    "version": "2025.10.12-1",
    "url": "https://mirrors.cat.net/archlinux/core/os/x86_64/filesystem-2025.10.12-1-any.pkg.tar.zst",
    "roles": [
      "guest"
    ],
    "sha256": "6b6c3fee7432204840d3b6afc9bc1a68c28f591a47fb220071715c40cca956df",
    "filename": "filesystem-2025.10.12-1-any.pkg.tar.zst",
    "signer_fingerprint": "62CC73F884E52957B2FDD8839B7A287D9A2EC608"
  },
  {
    "name": "linux-api-headers",
    "version": "7.2-1",
    "url": "https://mirrors.cat.net/archlinux/core/os/x86_64/linux-api-headers-7.2-1-x86_64.pkg.tar.zst",
    "roles": [
      "guest"
    ],
    "sha256": "d8d3483363e70b353ae31bbf8773df77780724eaeaa140faf4e4111bdb87588f",
    "filename": "linux-api-headers-7.2-1-x86_64.pkg.tar.zst",
    "signer_fingerprint": "05C7775A9E8B977407FE08E69D4C5AA15426DA0A"
  },
  {
    "name": "tzdata",
    "version": "2026c-1",
    "url": "https://mirrors.cat.net/archlinux/core/os/x86_64/tzdata-2026c-1-x86_64.pkg.tar.zst",
    "roles": [
      "guest"
    ],
    "sha256": "3be0345f3a9393f30b5e1167ab4593f55c75031daa123526a581b975d45ec5e3",
    "filename": "tzdata-2026c-1-x86_64.pkg.tar.zst",
    "signer_fingerprint": "ADC8A1FCC15E01D45310419E94657AB20F2A092B"
  },
  {
    "name": "glibc",
    "version": "2.44+r24+g16be1518495f-1",
    "url": "https://mirrors.cat.net/archlinux/core/os/x86_64/glibc-2.44+r24+g16be1518495f-1-x86_64.pkg.tar.zst",
    "roles": [
      "guest"
    ],
    "sha256": "5db2283f5b46b6114d06b4bc71fcf8ede5f1a04fcccb4d307048fcdc4e501d93",
    "filename": "glibc-2.44+r24+g16be1518495f-1-x86_64.pkg.tar.zst",
    "signer_fingerprint": "05C7775A9E8B977407FE08E69D4C5AA15426DA0A"
  },
  {
    "name": "libgcc",
    "version": "16.2.1+r23+gd564253eb6c8-1",
    "url": "https://mirrors.cat.net/archlinux/core/os/x86_64/libgcc-16.2.1+r23+gd564253eb6c8-1-x86_64.pkg.tar.zst",
    "roles": [
      "guest"
    ],
    "sha256": "7367dad49fc3229bde804816d412ab77306d433b1f92e4126b8b3ba3502c67d6",
    "filename": "libgcc-16.2.1+r23+gd564253eb6c8-1-x86_64.pkg.tar.zst",
    "signer_fingerprint": "05C7775A9E8B977407FE08E69D4C5AA15426DA0A"
  },
  {
    "name": "libstdc++",
    "version": "16.2.1+r23+gd564253eb6c8-1",
    "url": "https://mirrors.cat.net/archlinux/core/os/x86_64/libstdc++-16.2.1+r23+gd564253eb6c8-1-x86_64.pkg.tar.zst",
    "roles": [
      "guest"
    ],
    "sha256": "15dc6bd2f3a2ee17fcd79a14325e9e0037722a592b2bdc55e1665d92112eaa51",
    "filename": "libstdc++-16.2.1+r23+gd564253eb6c8-1-x86_64.pkg.tar.zst",
    "signer_fingerprint": "05C7775A9E8B977407FE08E69D4C5AA15426DA0A"
  },
  {
    "name": "ncurses",
    "version": "6.6-2",
    "url": "https://mirrors.cat.net/archlinux/core/os/x86_64/ncurses-6.6-2-x86_64.pkg.tar.zst",
    "roles": [
      "guest"
    ],
    "sha256": "9b80390fd681121443a45a51b74e2e2ade245ce22af8769915d63165b727e27c",
    "filename": "ncurses-6.6-2-x86_64.pkg.tar.zst",
    "signer_fingerprint": "62CC73F884E52957B2FDD8839B7A287D9A2EC608"
  },
  {
    "name": "readline",
    "version": "8.3.003-1",
    "url": "https://mirrors.cat.net/archlinux/core/os/x86_64/readline-8.3.003-1-x86_64.pkg.tar.zst",
    "roles": [
      "guest"
    ],
    "sha256": "a4e861378069dcb15c6fbd52a1f5d9ed01b4bce5fb208268c7c182341f5f3960",
    "filename": "readline-8.3.003-1-x86_64.pkg.tar.zst",
    "signer_fingerprint": "5B7E3FB71B7F10329A1C03AB771DF6627EDF681F"
  },
  {
    "name": "bash",
    "version": "5.3.15-1",
    "url": "https://archive.archlinux.org/packages/b/bash/bash-5.3.15-1-x86_64.pkg.tar.zst",
    "roles": [
      "guest"
    ],
    "sha256": "2c14ce3c72790ec6b344267b39f04f921bbb34f0c1399460e71492547f6b6c65",
    "filename": "bash-5.3.15-1-x86_64.pkg.tar.zst",
    "signer_fingerprint": "5B7E3FB71B7F10329A1C03AB771DF6627EDF681F"
  },
  {
    "name": "acl",
    "version": "2.4.0-1",
    "url": "https://mirrors.cat.net/archlinux/core/os/x86_64/acl-2.4.0-1-x86_64.pkg.tar.zst",
    "roles": [
      "guest"
    ],
    "sha256": "dca9ec50cf51243b86a67367a55e78b1851d31240b1edaf9c011f8511765d999",
    "filename": "acl-2.4.0-1-x86_64.pkg.tar.zst",
    "signer_fingerprint": "0429897DE5F3BDAC537A30696D42BDD116E0068F"
  },
  {
    "name": "attr",
    "version": "2.6.0-1",
    "url": "https://mirrors.cat.net/archlinux/core/os/x86_64/attr-2.6.0-1-x86_64.pkg.tar.zst",
    "roles": [
      "guest"
    ],
    "sha256": "0db32b421f67000950f7b55b531291ce8c13985c5444425b22dce94d485daed1",
    "filename": "attr-2.6.0-1-x86_64.pkg.tar.zst",
    "signer_fingerprint": "0429897DE5F3BDAC537A30696D42BDD116E0068F"
  },
  {
    "name": "gmp",
    "version": "6.3.0-3",
    "url": "https://mirrors.cat.net/archlinux/core/os/x86_64/gmp-6.3.0-3-x86_64.pkg.tar.zst",
    "roles": [
      "guest"
    ],
    "sha256": "2969061e117d2a8c19d89427b0b88e1c956a6269bc0602087d41aecd15097064",
    "filename": "gmp-6.3.0-3-x86_64.pkg.tar.zst",
    "signer_fingerprint": "5B7E3FB71B7F10329A1C03AB771DF6627EDF681F"
  },
  {
    "name": "zlib",
    "version": "1:1.3.2-3",
    "url": "https://mirrors.cat.net/archlinux/core/os/x86_64/zlib-1:1.3.2-3-x86_64.pkg.tar.zst",
    "roles": [
      "guest"
    ],
    "sha256": "41cf0bb5df14e18f7fb868a97da3feb7c4127fba99bb332ad54b14322faac1b1",
    "filename": "zlib-1:1.3.2-3-x86_64.pkg.tar.zst",
    "signer_fingerprint": "62CC73F884E52957B2FDD8839B7A287D9A2EC608"
  },
  {
    "name": "sqlite",
    "version": "3.53.4-1",
    "url": "https://mirrors.cat.net/archlinux/core/os/x86_64/sqlite-3.53.4-1-x86_64.pkg.tar.zst",
    "roles": [
      "guest"
    ],
    "sha256": "910e7e59acc3a51c7e3468bb45c7ca20d5e987eaf2c26e4e8ad9f0624bef76d2",
    "filename": "sqlite-3.53.4-1-x86_64.pkg.tar.zst",
    "signer_fingerprint": "ADC8A1FCC15E01D45310419E94657AB20F2A092B"
  },
  {
    "name": "util-linux-libs",
    "version": "2.42.3-1",
    "url": "https://archive.archlinux.org/packages/u/util-linux-libs/util-linux-libs-2.42.3-1-x86_64.pkg.tar.zst",
    "roles": [
      "guest"
    ],
    "sha256": "3082665ebcedccacefa4cb1dec013cc1a1c4087f4cf1aa2b9ef9464e712e1df2",
    "filename": "util-linux-libs-2.42.3-1-x86_64.pkg.tar.zst",
    "signer_fingerprint": "0429897DE5F3BDAC537A30696D42BDD116E0068F"
  },
  {
    "name": "e2fsprogs",
    "version": "1.47.4-1",
    "url": "https://mirrors.cat.net/archlinux/core/os/x86_64/e2fsprogs-1.47.4-1-x86_64.pkg.tar.zst",
    "roles": [
      "guest"
    ],
    "sha256": "a78971bbbe0ae89d15a0cbbc952e64462edc5a6f991c1bb9cefd0539ca548bd4",
    "filename": "e2fsprogs-1.47.4-1-x86_64.pkg.tar.zst",
    "signer_fingerprint": "0429897DE5F3BDAC537A30696D42BDD116E0068F"
  },
  {
    "name": "keyutils",
    "version": "1.6.3-4",
    "url": "https://mirrors.cat.net/archlinux/core/os/x86_64/keyutils-1.6.3-4-x86_64.pkg.tar.zst",
    "roles": [
      "guest"
    ],
    "sha256": "e3e5d4226bb7d213a6baddb997bf679a2b1106d95b5c2845b79bf8df1c3ef5fe",
    "filename": "keyutils-1.6.3-4-x86_64.pkg.tar.zst",
    "signer_fingerprint": "0429897DE5F3BDAC537A30696D42BDD116E0068F"
  },
  {
    "name": "gdbm",
    "version": "1.26-2",
    "url": "https://mirrors.cat.net/archlinux/core/os/x86_64/gdbm-1.26-2-x86_64.pkg.tar.zst",
    "roles": [
      "guest"
    ],
    "sha256": "7bb8768fc7f617c580ae4c7902aed5413984a8374915da42beeecbb085c2a29e",
    "filename": "gdbm-1.26-2-x86_64.pkg.tar.zst",
    "signer_fingerprint": "62CC73F884E52957B2FDD8839B7A287D9A2EC608"
  },
  {
    "name": "brotli",
    "version": "1.2.0-1",
    "url": "https://mirrors.cat.net/archlinux/core/os/x86_64/brotli-1.2.0-1-x86_64.pkg.tar.zst",
    "roles": [
      "guest"
    ],
    "sha256": "4a0c95d5967476d0efdaf76d344b61e3eee02cd7920a315e457f3fd96311b7ec",
    "filename": "brotli-1.2.0-1-x86_64.pkg.tar.zst",
    "signer_fingerprint": "B5971F2C5C10A9A08C60030F786C63F330D7CB92"
  },
  {
    "name": "xz",
    "version": "5.8.3-1",
    "url": "https://mirrors.cat.net/archlinux/core/os/x86_64/xz-5.8.3-1-x86_64.pkg.tar.zst",
    "roles": [
      "guest"
    ],
    "sha256": "03b9eefeb02c27c4f30fce4481cb5bd2922c0391f628665911c156970285d5d9",
    "filename": "xz-5.8.3-1-x86_64.pkg.tar.zst",
    "signer_fingerprint": "0429897DE5F3BDAC537A30696D42BDD116E0068F"
  },
  {
    "name": "lz4",
    "version": "1:1.10.0-2",
    "url": "https://mirrors.cat.net/archlinux/core/os/x86_64/lz4-1:1.10.0-2-x86_64.pkg.tar.zst",
    "roles": [
      "guest"
    ],
    "sha256": "c6200c776440678fe8c26adae6c104194b425d9393a9e3fc09f934363f0c39a6",
    "filename": "lz4-1:1.10.0-2-x86_64.pkg.tar.zst",
    "signer_fingerprint": "8FC15A064950A99DD1BD14DD39E4B877E62EB915"
  },
  {
    "name": "zstd",
    "version": "1.5.7-3",
    "url": "https://mirrors.cat.net/archlinux/core/os/x86_64/zstd-1.5.7-3-x86_64.pkg.tar.zst",
    "roles": [
      "guest"
    ],
    "sha256": "d4cf0049137124c8a025eedfad267a3e8a02310c9efb9d1ae4a61aa1d02789fc",
    "filename": "zstd-1.5.7-3-x86_64.pkg.tar.zst",
    "signer_fingerprint": "5B7E3FB71B7F10329A1C03AB771DF6627EDF681F"
  },
  {
    "name": "openssl",
    "version": "3.6.4-1",
    "url": "https://archive.archlinux.org/packages/o/openssl/openssl-3.6.4-1-x86_64.pkg.tar.zst",
    "roles": [
      "guest"
    ],
    "sha256": "2a3744b5ea31fcb0ac50ca89a2d6a9886eadfb51b63d76bcbd7952794b03631c",
    "filename": "openssl-3.6.4-1-x86_64.pkg.tar.zst",
    "signer_fingerprint": "3E80CA1A8B89F69CBA57D98A76A5EF9054449A5C"
  },
  {
    "name": "libsasl",
    "version": "2.1.28-5",
    "url": "https://mirrors.cat.net/archlinux/core/os/x86_64/libsasl-2.1.28-5-x86_64.pkg.tar.zst",
    "roles": [
      "guest"
    ],
    "sha256": "113e1676371544e5142a46ee046a6179ace201c4f0a0d56b618a984b5c764463",
    "filename": "libsasl-2.1.28-5-x86_64.pkg.tar.zst",
    "signer_fingerprint": "62CC73F884E52957B2FDD8839B7A287D9A2EC608"
  },
  {
    "name": "libldap",
    "version": "2.6.13-1",
    "url": "https://mirrors.cat.net/archlinux/core/os/x86_64/libldap-2.6.13-1-x86_64.pkg.tar.zst",
    "roles": [
      "guest"
    ],
    "sha256": "9d37ed49d0da014fbdf89e8b1c5e55b2d58fbffc850d79ddda5f8d1d151ba3b6",
    "filename": "libldap-2.6.13-1-x86_64.pkg.tar.zst",
    "signer_fingerprint": "05C7775A9E8B977407FE08E69D4C5AA15426DA0A"
  },
  {
    "name": "libevent",
    "version": "2.1.13-2",
    "url": "https://mirrors.cat.net/archlinux/core/os/x86_64/libevent-2.1.13-2-x86_64.pkg.tar.zst",
    "roles": [
      "guest"
    ],
    "sha256": "9fd8563e3aa1c64d80257b7b4f60d37cf8589260ba3eb015f8257e2cfd118b04",
    "filename": "libevent-2.1.13-2-x86_64.pkg.tar.zst",
    "signer_fingerprint": "0429897DE5F3BDAC537A30696D42BDD116E0068F"
  },
  {
    "name": "libverto",
    "version": "0.3.2-6",
    "url": "https://mirrors.cat.net/archlinux/core/os/x86_64/libverto-0.3.2-6-x86_64.pkg.tar.zst",
    "roles": [
      "guest"
    ],
    "sha256": "d0965b1b256e330e300c2bc3c699afa24f2d800dc476541039d452b606309496",
    "filename": "libverto-0.3.2-6-x86_64.pkg.tar.zst",
    "signer_fingerprint": "ADC8A1FCC15E01D45310419E94657AB20F2A092B"
  },
  {
    "name": "lmdb",
    "version": "0.9.35-1",
    "url": "https://mirrors.cat.net/archlinux/extra/os/x86_64/lmdb-0.9.35-1-x86_64.pkg.tar.zst",
    "roles": [
      "guest"
    ],
    "sha256": "50ae8083860e1ffadf4fab3c173a043fd97be41f5ceda7d2e77c528cd84d2386",
    "filename": "lmdb-0.9.35-1-x86_64.pkg.tar.zst",
    "signer_fingerprint": "B5971F2C5C10A9A08C60030F786C63F330D7CB92"
  },
  {
    "name": "krb5",
    "version": "1.22.2-1",
    "url": "https://mirrors.cat.net/archlinux/core/os/x86_64/krb5-1.22.2-1-x86_64.pkg.tar.zst",
    "roles": [
      "guest"
    ],
    "sha256": "38dcaf86512559c47e9b084ce78f417b5e8b0634feb8cb80b5edeab2c40b704f",
    "filename": "krb5-1.22.2-1-x86_64.pkg.tar.zst",
    "signer_fingerprint": "E240B57E2C4630BA768E2F26FC1B547C8D8172C8"
  },
  {
    "name": "libcap-ng",
    "version": "0.9.5-1",
    "url": "https://archive.archlinux.org/packages/l/libcap-ng/libcap-ng-0.9.5-1-x86_64.pkg.tar.zst",
    "roles": [
      "guest"
    ],
    "sha256": "58f58d694f9cd1535a6ad0fe428db07dbfb86b682368a93fae25d600cd717694",
    "filename": "libcap-ng-0.9.5-1-x86_64.pkg.tar.zst",
    "signer_fingerprint": "62CC73F884E52957B2FDD8839B7A287D9A2EC608"
  },
  {
    "name": "audit",
    "version": "4.2.1-1",
    "url": "https://mirrors.cat.net/archlinux/core/os/x86_64/audit-4.2.1-1-x86_64.pkg.tar.zst",
    "roles": [
      "guest"
    ],
    "sha256": "6b2f7e400336d05bf9a4b1b65015e4a7ac3a3842fbc67790913f9748513b964e",
    "filename": "audit-4.2.1-1-x86_64.pkg.tar.zst",
    "signer_fingerprint": "62CC73F884E52957B2FDD8839B7A287D9A2EC608"
  },
  {
    "name": "libxcrypt",
    "version": "4.5.2-1",
    "url": "https://mirrors.cat.net/archlinux/core/os/x86_64/libxcrypt-4.5.2-1-x86_64.pkg.tar.zst",
    "roles": [
      "guest"
    ],
    "sha256": "7d324b88963786491391468203701efd2c812798a9c3fbcc4ff8a4ddb2d9f276",
    "filename": "libxcrypt-4.5.2-1-x86_64.pkg.tar.zst",
    "signer_fingerprint": "0429897DE5F3BDAC537A30696D42BDD116E0068F"
  },
  {
    "name": "libtirpc",
    "version": "1.3.7-1",
    "url": "https://mirrors.cat.net/archlinux/core/os/x86_64/libtirpc-1.3.7-1-x86_64.pkg.tar.zst",
    "roles": [
      "guest"
    ],
    "sha256": "2d43a2bab8dbe99fa817d327bdf23ec559a337ebd25b48c691cff73f3eb138ec",
    "filename": "libtirpc-1.3.7-1-x86_64.pkg.tar.zst",
    "signer_fingerprint": "ADC8A1FCC15E01D45310419E94657AB20F2A092B"
  },
  {
    "name": "libnsl",
    "version": "2.0.1-2",
    "url": "https://mirrors.cat.net/archlinux/core/os/x86_64/libnsl-2.0.1-2-x86_64.pkg.tar.zst",
    "roles": [
      "guest"
    ],
    "sha256": "4ba7b85b42fbda5a1f07e15b8f91c60faa4c5f9168cc27d49fcd20e3a3be8bd8",
    "filename": "libnsl-2.0.1-2-x86_64.pkg.tar.zst",
    "signer_fingerprint": "62CC73F884E52957B2FDD8839B7A287D9A2EC608"
  },
  {
    "name": "pambase",
    "version": "20260616-1",
    "url": "https://mirrors.cat.net/archlinux/core/os/x86_64/pambase-20260616-1-any.pkg.tar.zst",
    "roles": [
      "guest"
    ],
    "sha256": "306265b486e3f7d2854d583202409cdd90f131368c92aa56f845822a5d2bbf65",
    "filename": "pambase-20260616-1-any.pkg.tar.zst",
    "signer_fingerprint": "5B7E3FB71B7F10329A1C03AB771DF6627EDF681F"
  },
  {
    "name": "libgpg-error",
    "version": "1.61-1",
    "url": "https://mirrors.cat.net/archlinux/core/os/x86_64/libgpg-error-1.61-1-x86_64.pkg.tar.zst",
    "roles": [
      "guest"
    ],
    "sha256": "7d5a5b39f588b275558f5e13bd792bff84cf89abb6d48e3e494d6c30e8ea9ca4",
    "filename": "libgpg-error-1.61-1-x86_64.pkg.tar.zst",
    "signer_fingerprint": "ADC8A1FCC15E01D45310419E94657AB20F2A092B"
  },
  {
    "name": "libgcrypt",
    "version": "1.12.3-1",
    "url": "https://archive.archlinux.org/packages/l/libgcrypt/libgcrypt-1.12.3-1-x86_64.pkg.tar.zst",
    "roles": [
      "guest"
    ],
    "sha256": "c06059a0aeb8edc11dc055f58d85adef2976bef0dfff0d4ee5d26ed7d5bf7c48",
    "filename": "libgcrypt-1.12.3-1-x86_64.pkg.tar.zst",
    "signer_fingerprint": "ADC8A1FCC15E01D45310419E94657AB20F2A092B"
  },
  {
    "name": "systemd-libs",
    "version": "261.2-1",
    "url": "https://mirrors.cat.net/archlinux/core/os/x86_64/systemd-libs-261.2-1-x86_64.pkg.tar.zst",
    "roles": [
      "guest"
    ],
    "sha256": "c12d5a2c4bb7cc0088af3f6addddac3219277a14b4aefb135b508d6d9ea15de9",
    "filename": "systemd-libs-261.2-1-x86_64.pkg.tar.zst",
    "signer_fingerprint": "0429897DE5F3BDAC537A30696D42BDD116E0068F"
  },
  {
    "name": "pam",
    "version": "1.7.2-2",
    "url": "https://mirrors.cat.net/archlinux/core/os/x86_64/pam-1.7.2-2-x86_64.pkg.tar.zst",
    "roles": [
      "guest"
    ],
    "sha256": "49f54d6b632d0e83cde032eb01f903b71ac09e7dc9bbafbd64fea70227337d48",
    "filename": "pam-1.7.2-2-x86_64.pkg.tar.zst",
    "signer_fingerprint": "5B7E3FB71B7F10329A1C03AB771DF6627EDF681F"
  },
  {
    "name": "libcap",
    "version": "2.78-1",
    "url": "https://mirrors.cat.net/archlinux/core/os/x86_64/libcap-2.78-1-x86_64.pkg.tar.zst",
    "roles": [
      "guest"
    ],
    "sha256": "3e984fe1d323b1c5a5fc60fef005776a4882fbca913d6fe3c41ad11128929ed1",
    "filename": "libcap-2.78-1-x86_64.pkg.tar.zst",
    "signer_fingerprint": "B5971F2C5C10A9A08C60030F786C63F330D7CB92"
  },
  {
    "name": "coreutils",
    "version": "9.11-2",
    "url": "https://mirrors.cat.net/archlinux/core/os/x86_64/coreutils-9.11-2-x86_64.pkg.tar.zst",
    "roles": [
      "guest"
    ],
    "sha256": "8d6668fba51085e680b1510f16ff43d32fbfdd068e78b2000783a4dab1c15513",
    "filename": "coreutils-9.11-2-x86_64.pkg.tar.zst",
    "signer_fingerprint": "5B7E3FB71B7F10329A1C03AB771DF6627EDF681F"
  },
  {
    "name": "device-mapper",
    "version": "2.03.42-1",
    "url": "https://mirrors.cat.net/archlinux/core/os/x86_64/device-mapper-2.03.42-1-x86_64.pkg.tar.zst",
    "roles": [
      "guest"
    ],
    "sha256": "823b3ae9d616defbd61dbc7cf92f489b996ce520de54a2bbea8ced0918c069c3",
    "filename": "device-mapper-2.03.42-1-x86_64.pkg.tar.zst",
    "signer_fingerprint": "0429897DE5F3BDAC537A30696D42BDD116E0068F"
  },
  {
    "name": "popt",
    "version": "1.19-2",
    "url": "https://mirrors.cat.net/archlinux/core/os/x86_64/popt-1.19-2-x86_64.pkg.tar.zst",
    "roles": [
      "guest"
    ],
    "sha256": "877635962b604efa79409c3d423f4fdffc4868776af3e0e804cc94a0b57ca151",
    "filename": "popt-1.19-2-x86_64.pkg.tar.zst",
    "signer_fingerprint": "1519D5ABA65BF6FC2B73C7567A4E76095D8A52E4"
  },
  {
    "name": "json-c",
    "version": "0.19-1",
    "url": "https://mirrors.cat.net/archlinux/core/os/x86_64/json-c-0.19-1-x86_64.pkg.tar.zst",
    "roles": [
      "guest"
    ],
    "sha256": "a2ebb9395bfc18a29abd21b6dd756519114e4e6241d6321588ada285ded4d63f",
    "filename": "json-c-0.19-1-x86_64.pkg.tar.zst",
    "signer_fingerprint": "83BC8889351B5DEBBB68416EB8AC08600F108CDF"
  },
  {
    "name": "cryptsetup",
    "version": "2.8.7-1",
    "url": "https://mirrors.cat.net/archlinux/core/os/x86_64/cryptsetup-2.8.7-1-x86_64.pkg.tar.zst",
    "roles": [
      "guest"
    ],
    "sha256": "3e77b353731dd4432a7b451fca4b6880b89405c5914324b82a294f3c5fd75393",
    "filename": "cryptsetup-2.8.7-1-x86_64.pkg.tar.zst",
    "signer_fingerprint": "0429897DE5F3BDAC537A30696D42BDD116E0068F"
  },
  {
    "name": "expat",
    "version": "2.8.4-1",
    "url": "https://archive.archlinux.org/packages/e/expat/expat-2.8.4-1-x86_64.pkg.tar.zst",
    "roles": [
      "guest"
    ],
    "sha256": "ac5e3d0f73bc6538a3ebef8af66283ebdf37e70232def661278221d315c91c0b",
    "filename": "expat-2.8.4-1-x86_64.pkg.tar.zst",
    "signer_fingerprint": "B5971F2C5C10A9A08C60030F786C63F330D7CB92"
  },
  {
    "name": "dbus",
    "version": "1.16.2-1",
    "url": "https://mirrors.cat.net/archlinux/core/os/x86_64/dbus-1.16.2-1-x86_64.pkg.tar.zst",
    "roles": [
      "guest"
    ],
    "sha256": "740fb8d02f6a5798984f17bf09c4f9f62f42a8339499c283867d9c35cda0d8af",
    "filename": "dbus-1.16.2-1-x86_64.pkg.tar.zst",
    "signer_fingerprint": "83BC8889351B5DEBBB68416EB8AC08600F108CDF"
  },
  {
    "name": "dbus-broker",
    "version": "37-3",
    "url": "https://mirrors.cat.net/archlinux/core/os/x86_64/dbus-broker-37-3-x86_64.pkg.tar.zst",
    "roles": [
      "guest"
    ],
    "sha256": "c3a915bb57188e6a43b9df25c0bf11f87528bc20ac50718b1772ce917c6d6117",
    "filename": "dbus-broker-37-3-x86_64.pkg.tar.zst",
    "signer_fingerprint": "83BC8889351B5DEBBB68416EB8AC08600F108CDF"
  },
  {
    "name": "dbus-broker-units",
    "version": "37-3",
    "url": "https://mirrors.cat.net/archlinux/core/os/x86_64/dbus-broker-units-37-3-x86_64.pkg.tar.zst",
    "roles": [
      "guest"
    ],
    "sha256": "f3f73e7c8169f54e3e5447d266917ae7454bd984fc0ede0f85e2ca60e21d97df",
    "filename": "dbus-broker-units-37-3-x86_64.pkg.tar.zst",
    "signer_fingerprint": "83BC8889351B5DEBBB68416EB8AC08600F108CDF"
  },
  {
    "name": "dbus-units",
    "version": "37-3",
    "url": "https://mirrors.cat.net/archlinux/core/os/x86_64/dbus-units-37-3-x86_64.pkg.tar.zst",
    "roles": [
      "guest"
    ],
    "sha256": "b3c4dee19391724893993ed993522846368bb38257daae4182de980255a995cc",
    "filename": "dbus-units-37-3-x86_64.pkg.tar.zst",
    "signer_fingerprint": "83BC8889351B5DEBBB68416EB8AC08600F108CDF"
  },
  {
    "name": "sed",
    "version": "4.10-2",
    "url": "https://mirrors.cat.net/archlinux/core/os/x86_64/sed-4.10-2-x86_64.pkg.tar.zst",
    "roles": [
      "guest"
    ],
    "sha256": "90733f34fe5791b554b935998df858350bcea53061257dba06829ce3533f8e01",
    "filename": "sed-4.10-2-x86_64.pkg.tar.zst",
    "signer_fingerprint": "2E36D8620221482FC45CB7F2A91764759326B440"
  },
  {
    "name": "bzip2",
    "version": "1.0.8-6",
    "url": "https://mirrors.cat.net/archlinux/core/os/x86_64/bzip2-1.0.8-6-x86_64.pkg.tar.zst",
    "roles": [
      "guest"
    ],
    "sha256": "8779003d659c441b952095c19907603a738c1366f25cc51be3fd139fa4e95748",
    "filename": "bzip2-1.0.8-6-x86_64.pkg.tar.zst",
    "signer_fingerprint": "0429897DE5F3BDAC537A30696D42BDD116E0068F"
  },
  {
    "name": "pcre2",
    "version": "10.48-1",
    "url": "https://archive.archlinux.org/packages/p/pcre2/pcre2-10.48-1-x86_64.pkg.tar.zst",
    "roles": [
      "guest"
    ],
    "sha256": "4afe36f5bcaefe7b6b45c863ec1afa6300a6ef72a99f53f55ebcd1f1824d0604",
    "filename": "pcre2-10.48-1-x86_64.pkg.tar.zst",
    "signer_fingerprint": "62CC73F884E52957B2FDD8839B7A287D9A2EC608"
  },
  {
    "name": "grep",
    "version": "3.12-2",
    "url": "https://mirrors.cat.net/archlinux/core/os/x86_64/grep-3.12-2-x86_64.pkg.tar.zst",
    "roles": [
      "guest"
    ],
    "sha256": "9dd8a5dad99e8d388b1fb1406919de218d30c7e49924f615a12d3f2deaaecfe2",
    "filename": "grep-3.12-2-x86_64.pkg.tar.zst",
    "signer_fingerprint": "0429897DE5F3BDAC537A30696D42BDD116E0068F"
  },
  {
    "name": "gzip",
    "version": "1.14-2",
    "url": "https://archive.archlinux.org/packages/g/gzip/gzip-1.14-2-x86_64.pkg.tar.zst",
    "roles": [
      "guest"
    ],
    "sha256": "e08b33c6aa9a19108d7941a78a6d137e3f700a544d21f14bf863d3c392c3a88e",
    "filename": "gzip-1.14-2-x86_64.pkg.tar.zst",
    "signer_fingerprint": "0429897DE5F3BDAC537A30696D42BDD116E0068F"
  },
  {
    "name": "kbd",
    "version": "2.10.0-1",
    "url": "https://mirrors.cat.net/archlinux/core/os/x86_64/kbd-2.10.0-1-x86_64.pkg.tar.zst",
    "roles": [
      "guest"
    ],
    "sha256": "9322a5fb74f43341835d22d3ea0cf1d88d91eb4c98ab9fcb816955e2159b4b41",
    "filename": "kbd-2.10.0-1-x86_64.pkg.tar.zst",
    "signer_fingerprint": "5B7E3FB71B7F10329A1C03AB771DF6627EDF681F"
  },
  {
    "name": "kmod",
    "version": "34.2-1",
    "url": "https://mirrors.cat.net/archlinux/core/os/x86_64/kmod-34.2-1-x86_64.pkg.tar.zst",
    "roles": [
      "guest"
    ],
    "sha256": "8cce1b4dfd2a1f354a253bb60a36c83024042eef5d47cb0214ec5d4f47f2007e",
    "filename": "kmod-34.2-1-x86_64.pkg.tar.zst",
    "signer_fingerprint": "0429897DE5F3BDAC537A30696D42BDD116E0068F"
  },
  {
    "name": "hwdata",
    "version": "0.410-1",
    "url": "https://mirrors.cat.net/archlinux/core/os/x86_64/hwdata-0.410-1-any.pkg.tar.zst",
    "roles": [
      "guest"
    ],
    "sha256": "7fdb0f7f95bca493778d939f3a47580fb950a3c827aba337ca34412c672be083",
    "filename": "hwdata-0.410-1-any.pkg.tar.zst",
    "signer_fingerprint": "5B7E3FB71B7F10329A1C03AB771DF6627EDF681F"
  },
  {
    "name": "libunistring",
    "version": "1.4.2-1",
    "url": "https://mirrors.cat.net/archlinux/core/os/x86_64/libunistring-1.4.2-1-x86_64.pkg.tar.zst",
    "roles": [
      "guest"
    ],
    "sha256": "582625bc02e710b587f4ed319e5c7ad29fd5d4d424b6384f125fc094f07ce590",
    "filename": "libunistring-1.4.2-1-x86_64.pkg.tar.zst",
    "signer_fingerprint": "B5971F2C5C10A9A08C60030F786C63F330D7CB92"
  },
  {
    "name": "libidn2",
    "version": "2.3.8-1",
    "url": "https://mirrors.cat.net/archlinux/core/os/x86_64/libidn2-2.3.8-1-x86_64.pkg.tar.zst",
    "roles": [
      "guest"
    ],
    "sha256": "1749bdd4c395913df18c57fdd42820d3de88738b7163b7aa254d13e3da7b1d9d",
    "filename": "libidn2-2.3.8-1-x86_64.pkg.tar.zst",
    "signer_fingerprint": "0429897DE5F3BDAC537A30696D42BDD116E0068F"
  },
  {
    "name": "findutils",
    "version": "4.11.0-1",
    "url": "https://mirrors.cat.net/archlinux/core/os/x86_64/findutils-4.11.0-1-x86_64.pkg.tar.zst",
    "roles": [
      "guest"
    ],
    "sha256": "76ac56a7f03039d163306701e5c02777b9b7170ad5388e66e46c363dd2792edf",
    "filename": "findutils-4.11.0-1-x86_64.pkg.tar.zst",
    "signer_fingerprint": "5B7E3FB71B7F10329A1C03AB771DF6627EDF681F"
  },
  {
    "name": "libtasn1",
    "version": "4.21.0-1",
    "url": "https://mirrors.cat.net/archlinux/core/os/x86_64/libtasn1-4.21.0-1-x86_64.pkg.tar.zst",
    "roles": [
      "guest"
    ],
    "sha256": "00e50489d3c00951380d578cf89ebd7d7a38d97269e7ca9ccc9cde146f1e21da",
    "filename": "libtasn1-4.21.0-1-x86_64.pkg.tar.zst",
    "signer_fingerprint": "ADC8A1FCC15E01D45310419E94657AB20F2A092B"
  },
  {
    "name": "libffi",
    "version": "3.8.0-1",
    "url": "https://mirrors.cat.net/archlinux/core/os/x86_64/libffi-3.8.0-1-x86_64.pkg.tar.zst",
    "roles": [
      "guest"
    ],
    "sha256": "5d21227f2a1d10db60d0cf5bb02b36a1801ae61dc7dae8c3bc1afa548afd8601",
    "filename": "libffi-3.8.0-1-x86_64.pkg.tar.zst",
    "signer_fingerprint": "62CC73F884E52957B2FDD8839B7A287D9A2EC608"
  },
  {
    "name": "libp11-kit",
    "version": "0.26.5-1",
    "url": "https://mirrors.cat.net/archlinux/core/os/x86_64/libp11-kit-0.26.5-1-x86_64.pkg.tar.zst",
    "roles": [
      "guest"
    ],
    "sha256": "8ddc055b304a98c2434fa5d25550c94c0bbcdb22388f752e05e619b2ee98027c",
    "filename": "libp11-kit-0.26.5-1-x86_64.pkg.tar.zst",
    "signer_fingerprint": "83BC8889351B5DEBBB68416EB8AC08600F108CDF"
  },
  {
    "name": "p11-kit",
    "version": "0.26.5-1",
    "url": "https://mirrors.cat.net/archlinux/core/os/x86_64/p11-kit-0.26.5-1-x86_64.pkg.tar.zst",
    "roles": [
      "guest"
    ],
    "sha256": "94ad53e76eaeacac1584ace5da7751d8e7fb7aefbfd3bd99d9c34d3461d630ad",
    "filename": "p11-kit-0.26.5-1-x86_64.pkg.tar.zst",
    "signer_fingerprint": "83BC8889351B5DEBBB68416EB8AC08600F108CDF"
  },
  {
    "name": "ca-certificates-utils",
    "version": "20240618-1",
    "url": "https://mirrors.cat.net/archlinux/core/os/x86_64/ca-certificates-utils-20240618-1-any.pkg.tar.zst",
    "roles": [
      "guest"
    ],
    "sha256": "aabd5b2b7030716ccdd465d607e734e851fe4a01adf8293a3968fe22eb89ce9b",
    "filename": "ca-certificates-utils-20240618-1-any.pkg.tar.zst",
    "signer_fingerprint": "83BC8889351B5DEBBB68416EB8AC08600F108CDF"
  },
  {
    "name": "ca-certificates-mozilla",
    "version": "3.128-1",
    "url": "https://archive.archlinux.org/packages/c/ca-certificates-mozilla/ca-certificates-mozilla-3.128-1-x86_64.pkg.tar.zst",
    "roles": [
      "guest"
    ],
    "sha256": "04af9bd6e37929a6c822d91b4551c387865b8ec87fd3560dab89d525fa10d6c7",
    "filename": "ca-certificates-mozilla-3.128-1-x86_64.pkg.tar.zst",
    "signer_fingerprint": "83BC8889351B5DEBBB68416EB8AC08600F108CDF"
  },
  {
    "name": "ca-certificates",
    "version": "20240618-1",
    "url": "https://mirrors.cat.net/archlinux/core/os/x86_64/ca-certificates-20240618-1-any.pkg.tar.zst",
    "roles": [
      "guest"
    ],
    "sha256": "982005bd5ecc998c05f561b57bb58b4457407779727e3c3d59e926d34a8b0712",
    "filename": "ca-certificates-20240618-1-any.pkg.tar.zst",
    "signer_fingerprint": "83BC8889351B5DEBBB68416EB8AC08600F108CDF"
  },
  {
    "name": "libnghttp2",
    "version": "1.70.0-1",
    "url": "https://mirrors.cat.net/archlinux/core/os/x86_64/libnghttp2-1.70.0-1-x86_64.pkg.tar.zst",
    "roles": [
      "guest"
    ],
    "sha256": "332e2cb2d953dab326f97a3257594f8031ec0fce6305e2bcd5d64d9832c84778",
    "filename": "libnghttp2-1.70.0-1-x86_64.pkg.tar.zst",
    "signer_fingerprint": "0429897DE5F3BDAC537A30696D42BDD116E0068F"
  },
  {
    "name": "libnghttp3",
    "version": "1.18.0-1",
    "url": "https://mirrors.cat.net/archlinux/core/os/x86_64/libnghttp3-1.18.0-1-x86_64.pkg.tar.zst",
    "roles": [
      "guest"
    ],
    "sha256": "4a474a6c8c2970bead13cbdf4ab47662039d43dcc48aa811ee58becd778cf890",
    "filename": "libnghttp3-1.18.0-1-x86_64.pkg.tar.zst",
    "signer_fingerprint": "0429897DE5F3BDAC537A30696D42BDD116E0068F"
  },
  {
    "name": "nettle",
    "version": "4.0-1",
    "url": "https://mirrors.cat.net/archlinux/core/os/x86_64/nettle-4.0-1-x86_64.pkg.tar.zst",
    "roles": [
      "guest"
    ],
    "sha256": "679138a8405ca383aba7836d54fdc282db9394b7dc23c097b8965f70119adf13",
    "filename": "nettle-4.0-1-x86_64.pkg.tar.zst",
    "signer_fingerprint": "ADC8A1FCC15E01D45310419E94657AB20F2A092B"
  },
  {
    "name": "leancrypto",
    "version": "1.8.0-1",
    "url": "https://mirrors.cat.net/archlinux/core/os/x86_64/leancrypto-1.8.0-1-x86_64.pkg.tar.zst",
    "roles": [
      "guest"
    ],
    "sha256": "5b793364a382b3f46857ce5ed96cde520466aeec5443cad04339f76078ab6589",
    "filename": "leancrypto-1.8.0-1-x86_64.pkg.tar.zst",
    "signer_fingerprint": "ADC8A1FCC15E01D45310419E94657AB20F2A092B"
  },
  {
    "name": "gnutls",
    "version": "3.8.13-2",
    "url": "https://archive.archlinux.org/packages/g/gnutls/gnutls-3.8.13-2-x86_64.pkg.tar.zst",
    "roles": [
      "guest"
    ],
    "sha256": "381e8679ec096bba9d25e6bf8de1d186b1f46e892215aa2a63e1582c34a036f1",
    "filename": "gnutls-3.8.13-2-x86_64.pkg.tar.zst",
    "signer_fingerprint": "ADC8A1FCC15E01D45310419E94657AB20F2A092B"
  },
  {
    "name": "libngtcp2",
    "version": "1.25.0-1",
    "url": "https://mirrors.cat.net/archlinux/core/os/x86_64/libngtcp2-1.25.0-1-x86_64.pkg.tar.zst",
    "roles": [
      "guest"
    ],
    "sha256": "e4a728d9f647f3c52a3aedd67c589be5f43e7dd31ebde6867ad535ba29ec9511",
    "filename": "libngtcp2-1.25.0-1-x86_64.pkg.tar.zst",
    "signer_fingerprint": "0429897DE5F3BDAC537A30696D42BDD116E0068F"
  },
  {
    "name": "libpsl",
    "version": "0.21.5-2",
    "url": "https://mirrors.cat.net/archlinux/core/os/x86_64/libpsl-0.21.5-2-x86_64.pkg.tar.zst",
    "roles": [
      "guest"
    ],
    "sha256": "e07925c2487bd7deffdd57808b19561e80a4cb25a33e51dbd94efb673bc81944",
    "filename": "libpsl-0.21.5-2-x86_64.pkg.tar.zst",
    "signer_fingerprint": "E240B57E2C4630BA768E2F26FC1B547C8D8172C8"
  },
  {
    "name": "libssh2",
    "version": "1.11.1-7",
    "url": "https://mirrors.cat.net/archlinux/core/os/x86_64/libssh2-1.11.1-7-x86_64.pkg.tar.zst",
    "roles": [
      "guest"
    ],
    "sha256": "462cca91bff394c2719b7e8d1951f0c0a2db979d71521ac93dba6b6b6974f6b9",
    "filename": "libssh2-1.11.1-7-x86_64.pkg.tar.zst",
    "signer_fingerprint": "B5971F2C5C10A9A08C60030F786C63F330D7CB92"
  },
  {
    "name": "curl",
    "version": "8.22.0-1",
    "url": "https://archive.archlinux.org/packages/c/curl/curl-8.22.0-1-x86_64.pkg.tar.zst",
    "roles": [
      "guest"
    ],
    "sha256": "60b5c0ccc169cf1e36c95a5b2cab79d73c1490715e6b122828a9590fd2fcfc1c",
    "filename": "curl-8.22.0-1-x86_64.pkg.tar.zst",
    "signer_fingerprint": "0429897DE5F3BDAC537A30696D42BDD116E0068F"
  },
  {
    "name": "libelf",
    "version": "0.196-1",
    "url": "https://mirrors.cat.net/archlinux/core/os/x86_64/libelf-0.196-1-x86_64.pkg.tar.zst",
    "roles": [
      "guest"
    ],
    "sha256": "0f75f1f363c60d73f563fddc82964acd01cdc5167dbe2309d5d90e833388842b",
    "filename": "libelf-0.196-1-x86_64.pkg.tar.zst",
    "signer_fingerprint": "62CC73F884E52957B2FDD8839B7A287D9A2EC608"
  },
  {
    "name": "libseccomp",
    "version": "2.6.0-1",
    "url": "https://mirrors.cat.net/archlinux/core/os/x86_64/libseccomp-2.6.0-1-x86_64.pkg.tar.zst",
    "roles": [
      "guest"
    ],
    "sha256": "3d3effb23898177d0faece196ac664859d29027b64cdeee3a09a2c3967b8401d",
    "filename": "libseccomp-2.6.0-1-x86_64.pkg.tar.zst",
    "signer_fingerprint": "E240B57E2C4630BA768E2F26FC1B547C8D8172C8"
  },
  {
    "name": "file",
    "version": "5.48-1",
    "url": "https://mirrors.cat.net/archlinux/core/os/x86_64/file-5.48-1-x86_64.pkg.tar.zst",
    "roles": [
      "guest"
    ],
    "sha256": "b77fe84e1dda2f32fcd11a004347c0a0c6bb9806376533c78abd78b4ea779af2",
    "filename": "file-5.48-1-x86_64.pkg.tar.zst",
    "signer_fingerprint": "0429897DE5F3BDAC537A30696D42BDD116E0068F"
  },
  {
    "name": "shadow",
    "version": "4.20.0.arch1-1",
    "url": "https://mirrors.cat.net/archlinux/core/os/x86_64/shadow-4.20.0.arch1-1-x86_64.pkg.tar.zst",
    "roles": [
      "guest"
    ],
    "sha256": "615c819eb2d3e22158289f3cc2447f81ae981a6d11b3418da30b6085306b3e77",
    "filename": "shadow-4.20.0.arch1-1-x86_64.pkg.tar.zst",
    "signer_fingerprint": "62CC73F884E52957B2FDD8839B7A287D9A2EC608"
  },
  {
    "name": "util-linux",
    "version": "2.42.3-1",
    "url": "https://archive.archlinux.org/packages/u/util-linux/util-linux-2.42.3-1-x86_64.pkg.tar.zst",
    "roles": [
      "guest"
    ],
    "sha256": "0b0486c01a71393319f2bad1908c59fc2dce3a98969d4a054449efa71214b3c3",
    "filename": "util-linux-2.42.3-1-x86_64.pkg.tar.zst",
    "signer_fingerprint": "0429897DE5F3BDAC537A30696D42BDD116E0068F"
  },
  {
    "name": "systemd",
    "version": "261.2-1",
    "url": "https://archive.archlinux.org/packages/s/systemd/systemd-261.2-1-x86_64.pkg.tar.zst",
    "roles": [
      "guest"
    ],
    "sha256": "88ed13de43e53e6b8ba6039e7e58c1bc2a15c47234b05f48e68319c93b661cd7",
    "filename": "systemd-261.2-1-x86_64.pkg.tar.zst",
    "signer_fingerprint": "0429897DE5F3BDAC537A30696D42BDD116E0068F"
  },
  {
    "name": "mpfr",
    "version": "4.2.2-1",
    "url": "https://mirrors.cat.net/archlinux/core/os/x86_64/mpfr-4.2.2-1-x86_64.pkg.tar.zst",
    "roles": [
      "guest"
    ],
    "sha256": "e765082b2c3260550887ccf34f6f0d24289fc5ca8c0949eb5c2e9937272ea80f",
    "filename": "mpfr-4.2.2-1-x86_64.pkg.tar.zst",
    "signer_fingerprint": "1519D5ABA65BF6FC2B73C7567A4E76095D8A52E4"
  },
  {
    "name": "gawk",
    "version": "5.4.1-1",
    "url": "https://mirrors.cat.net/archlinux/core/os/x86_64/gawk-5.4.1-1-x86_64.pkg.tar.zst",
    "roles": [
      "guest"
    ],
    "sha256": "875761229b80b29078cd1fafc35a07add9ac4c2dbb9a429bd0b72ddcc14a31bd",
    "filename": "gawk-5.4.1-1-x86_64.pkg.tar.zst",
    "signer_fingerprint": "5B7E3FB71B7F10329A1C03AB771DF6627EDF681F"
  },
  {
    "name": "mkinitcpio-busybox",
    "version": "1.36.1-1",
    "url": "https://mirrors.cat.net/archlinux/core/os/x86_64/mkinitcpio-busybox-1.36.1-1-x86_64.pkg.tar.zst",
    "roles": [
      "guest"
    ],
    "sha256": "573182e5dc39f49146d73e201bb2193372cc514e3a0fd09128205717a4fb558d",
    "filename": "mkinitcpio-busybox-1.36.1-1-x86_64.pkg.tar.zst",
    "signer_fingerprint": "ECCAC84C1BA08A6CC8E63FBBF22FB1D78A77AEAB"
  },
  {
    "name": "icu",
    "version": "78.3-1",
    "url": "https://mirrors.cat.net/archlinux/core/os/x86_64/icu-78.3-1-x86_64.pkg.tar.zst",
    "roles": [
      "guest"
    ],
    "sha256": "118fe41efa6c550f3fe67893946dcea2c6cbb5272299a6ddf4160fb17f3e4bb0",
    "filename": "icu-78.3-1-x86_64.pkg.tar.zst",
    "signer_fingerprint": "ADC8A1FCC15E01D45310419E94657AB20F2A092B"
  },
  {
    "name": "libxml2",
    "version": "2.15.4-1",
    "url": "https://archive.archlinux.org/packages/l/libxml2/libxml2-2.15.4-1-x86_64.pkg.tar.zst",
    "roles": [
      "guest"
    ],
    "sha256": "a6b5c30f51a7ca7c85348de8e83280e6825a8f3e193cc6916ecd8e695d4a24bb",
    "filename": "libxml2-2.15.4-1-x86_64.pkg.tar.zst",
    "signer_fingerprint": "83BC8889351B5DEBBB68416EB8AC08600F108CDF"
  },
  {
    "name": "libarchive",
    "version": "3.8.9-1",
    "url": "https://mirrors.cat.net/archlinux/core/os/x86_64/libarchive-3.8.9-1-x86_64.pkg.tar.zst",
    "roles": [
      "guest"
    ],
    "sha256": "07b7aaec008cc4892cb2da0c599a16438d2e70869a01b90c4e20bf153f58c3b3",
    "filename": "libarchive-3.8.9-1-x86_64.pkg.tar.zst",
    "signer_fingerprint": "62CC73F884E52957B2FDD8839B7A287D9A2EC608"
  },
  {
    "name": "jansson",
    "version": "2.15.1-1",
    "url": "https://mirrors.cat.net/archlinux/core/os/x86_64/jansson-2.15.1-1-x86_64.pkg.tar.zst",
    "roles": [
      "guest"
    ],
    "sha256": "ff1ff9da9ec0520b30cc4add6160ba5a171d9a478408863a2d99b61f5bb9866b",
    "filename": "jansson-2.15.1-1-x86_64.pkg.tar.zst",
    "signer_fingerprint": "05C7775A9E8B977407FE08E69D4C5AA15426DA0A"
  },
  {
    "name": "binutils",
    "version": "2.47-4",
    "url": "https://mirrors.cat.net/archlinux/core/os/x86_64/binutils-2.47-4-x86_64.pkg.tar.zst",
    "roles": [
      "guest"
    ],
    "sha256": "d9508ad848fd6c31473ac0925cf8c3ec0d2a71bbbb5c7e39274186338a285660",
    "filename": "binutils-2.47-4-x86_64.pkg.tar.zst",
    "signer_fingerprint": "2E36D8620221482FC45CB7F2A91764759326B440"
  },
  {
    "name": "diffutils",
    "version": "3.12-2",
    "url": "https://mirrors.cat.net/archlinux/core/os/x86_64/diffutils-3.12-2-x86_64.pkg.tar.zst",
    "roles": [
      "guest"
    ],
    "sha256": "53830e09d46ceccde48a0fc1dcee026902e2a639a1b8a5e2a091d2a9d90b6967",
    "filename": "diffutils-3.12-2-x86_64.pkg.tar.zst",
    "signer_fingerprint": "0429897DE5F3BDAC537A30696D42BDD116E0068F"
  },
  {
    "name": "mkinitcpio",
    "version": "41.1-1",
    "url": "https://mirrors.cat.net/archlinux/core/os/x86_64/mkinitcpio-41.1-1-any.pkg.tar.zst",
    "roles": [
      "guest"
    ],
    "sha256": "5c9e79eaef65036a1bfe675f3726bd1a7d8f8e4ad9f82e7be15ba2efe2250ef9",
    "filename": "mkinitcpio-41.1-1-any.pkg.tar.zst",
    "signer_fingerprint": "2E36D8620221482FC45CB7F2A91764759326B440"
  },
  {
    "name": "linux",
    "version": "7.2.3.arch1-3",
    "url": "https://archive.archlinux.org/packages/l/linux/linux-7.2.3.arch1-3-x86_64.pkg.tar.zst",
    "roles": [
      "guest"
    ],
    "sha256": "a645c115bd8052273b9095997f4a759ad57626d564bf9b6a6a1e258d467d5fe8",
    "filename": "linux-7.2.3.arch1-3-x86_64.pkg.tar.zst",
    "signer_fingerprint": "05C7775A9E8B977407FE08E69D4C5AA15426DA0A"
  },
  {
    "name": "sudo",
    "version": "1.9.17.p2-6",
    "url": "https://mirrors.cat.net/archlinux/core/os/x86_64/sudo-1.9.17.p2-6-x86_64.pkg.tar.zst",
    "roles": [
      "guest"
    ],
    "sha256": "20c0467521c96e6ebdd14e23d4b9388252834adb8dcf4c4763092a117c4932ea",
    "filename": "sudo-1.9.17.p2-6-x86_64.pkg.tar.zst",
    "signer_fingerprint": "5B7E3FB71B7F10329A1C03AB771DF6627EDF681F"
  },
  {
    "name": "libaio",
    "version": "0.3.113-5",
    "url": "https://archive.archlinux.org/packages/l/libaio/libaio-0.3.113-5-x86_64.pkg.tar.zst",
    "roles": [
      "host"
    ],
    "sha256": "e746fdedefa9987ad06e918af78976917aba780be8ac51d22dcb9ded324a84ab",
    "filename": "libaio-0.3.113-5-x86_64.pkg.tar.zst",
    "signer_fingerprint": "62CC73F884E52957B2FDD8839B7A287D9A2EC608"
  },
  {
    "name": "libxdp",
    "version": "1.6.3-2",
    "url": "https://archive.archlinux.org/packages/l/libxdp/libxdp-1.6.3-2-x86_64.pkg.tar.zst",
    "roles": [
      "host"
    ],
    "sha256": "4146de33b9b12531064de40cb671537407c2267e4304159f407be92f2c8758a4",
    "filename": "libxdp-1.6.3-2-x86_64.pkg.tar.zst",
    "signer_fingerprint": "F00B96D15228013FFC9C9D0393B11DAA4C197E3D"
  },
  {
    "name": "iniparser",
    "version": "4.2.6-2",
    "url": "https://archive.archlinux.org/packages/i/iniparser/iniparser-4.2.6-2-x86_64.pkg.tar.zst",
    "roles": [
      "host"
    ],
    "sha256": "74f6af0d7e52cf48742cc2700804cf3b1e833da7349d40d00f7bc92b867ac784",
    "filename": "iniparser-4.2.6-2-x86_64.pkg.tar.zst",
    "signer_fingerprint": "0429897DE5F3BDAC537A30696D42BDD116E0068F"
  },
  {
    "name": "libtraceevent",
    "version": "1:1.9.0-1",
    "url": "https://archive.archlinux.org/packages/l/libtraceevent/libtraceevent-1%3A1.9.0-1-x86_64.pkg.tar.zst",
    "roles": [
      "host"
    ],
    "sha256": "40bd5d4fd4c3d4a0c8be3cd2af9cbc570ec3dfe8b5047cf4854d742c22cfcd2e",
    "filename": "libtraceevent-1:1.9.0-1-x86_64.pkg.tar.zst",
    "signer_fingerprint": "62CC73F884E52957B2FDD8839B7A287D9A2EC608"
  },
  {
    "name": "libtracefs",
    "version": "1.8.3-1",
    "url": "https://archive.archlinux.org/packages/l/libtracefs/libtracefs-1.8.3-1-x86_64.pkg.tar.zst",
    "roles": [
      "host"
    ],
    "sha256": "4d3b87f44ad41104aea3db7a15d30381097cb7f95ecc516244a0a33a1e01515b",
    "filename": "libtracefs-1.8.3-1-x86_64.pkg.tar.zst",
    "signer_fingerprint": "62CC73F884E52957B2FDD8839B7A287D9A2EC608"
  },
  {
    "name": "ndctl",
    "version": "85-1",
    "url": "https://archive.archlinux.org/packages/n/ndctl/ndctl-85-1-x86_64.pkg.tar.zst",
    "roles": [
      "host"
    ],
    "sha256": "8473584f486f93fecefd62240ef1e83194e562c9ff899c1491036edae9e41443",
    "filename": "ndctl-85-1-x86_64.pkg.tar.zst",
    "signer_fingerprint": "B5971F2C5C10A9A08C60030F786C63F330D7CB92"
  },
  {
    "name": "numactl",
    "version": "2.0.19-1",
    "url": "https://archive.archlinux.org/packages/n/numactl/numactl-2.0.19-1-x86_64.pkg.tar.zst",
    "roles": [
      "host"
    ],
    "sha256": "699bce74daee11fa49de93999ba4e023f132bc51a7768dec845b2979d54f367d",
    "filename": "numactl-2.0.19-1-x86_64.pkg.tar.zst",
    "signer_fingerprint": "62CC73F884E52957B2FDD8839B7A287D9A2EC608"
  },
  {
    "name": "qemu-common",
    "version": "11.1.1-1",
    "url": "https://archive.archlinux.org/packages/q/qemu-common/qemu-common-11.1.1-1-x86_64.pkg.tar.zst",
    "roles": [
      "host"
    ],
    "sha256": "d7155338d0e5ffc834692b31fddebbc1b562b2fe23297488c6ae597a757af516",
    "filename": "qemu-common-11.1.1-1-x86_64.pkg.tar.zst",
    "signer_fingerprint": "62CC73F884E52957B2FDD8839B7A287D9A2EC608"
  },
  {
    "name": "rdma-core",
    "version": "64.0-1",
    "url": "https://archive.archlinux.org/packages/r/rdma-core/rdma-core-64.0-1-x86_64.pkg.tar.zst",
    "roles": [
      "host"
    ],
    "sha256": "69c2a9b37b8657d22d0a5ce6da27042ea36f593702ebacdbbc131b21bcb783c8",
    "filename": "rdma-core-64.0-1-x86_64.pkg.tar.zst",
    "signer_fingerprint": "109415E692007609CA7EBFE4001CF4810BE8D911"
  },
  {
    "name": "wolfssl",
    "version": "5.9.2-1",
    "url": "https://archive.archlinux.org/packages/w/wolfssl/wolfssl-5.9.2-1-x86_64.pkg.tar.zst",
    "roles": [
      "host"
    ],
    "sha256": "f6507248293392baacec248c5e978800a027c01ef69ab338939875f8fe42f1ae",
    "filename": "wolfssl-5.9.2-1-x86_64.pkg.tar.zst",
    "signer_fingerprint": "62CC73F884E52957B2FDD8839B7A287D9A2EC608"
  },
  {
    "name": "vde2",
    "version": "2.3.3-9",
    "url": "https://archive.archlinux.org/packages/v/vde2/vde2-2.3.3-9-x86_64.pkg.tar.zst",
    "roles": [
      "host"
    ],
    "sha256": "dd57b512c5ea4d76a405b99ffa63e37f1256cdd267f6fe34fff8f2813ad9c439",
    "filename": "vde2-2.3.3-9-x86_64.pkg.tar.zst",
    "signer_fingerprint": "62CC73F884E52957B2FDD8839B7A287D9A2EC608"
  },
  {
    "name": "dtc",
    "version": "1:1.8.1-1",
    "url": "https://archive.archlinux.org/packages/d/dtc/dtc-1%3A1.8.1-1-x86_64.pkg.tar.zst",
    "roles": [
      "host"
    ],
    "sha256": "c377d325b42c4250102615e779cdeb67816a176cd0c55c018f7c81920057eb43",
    "filename": "dtc-1:1.8.1-1-x86_64.pkg.tar.zst",
    "signer_fingerprint": "E75CD4814A77AD943C7AB5A3E0959FEA8B550539"
  },
  {
    "name": "edk2-ovmf",
    "version": "202608-1",
    "url": "https://archive.archlinux.org/packages/e/edk2-ovmf/edk2-ovmf-202608-1-any.pkg.tar.zst",
    "roles": [
      "host"
    ],
    "sha256": "bee34c6036ebd0e96562b7330d2d3ddf75e240cfc44a6d506a5ccb6390eafb91",
    "filename": "edk2-ovmf-202608-1-any.pkg.tar.zst",
    "signer_fingerprint": "62CC73F884E52957B2FDD8839B7A287D9A2EC608"
  },
  {
    "name": "qemu-system-x86-firmware",
    "version": "11.1.1-1",
    "url": "https://archive.archlinux.org/packages/q/qemu-system-x86-firmware/qemu-system-x86-firmware-11.1.1-1-x86_64.pkg.tar.zst",
    "roles": [
      "host"
    ],
    "sha256": "e918fe7228bf71851042e277ec973d1ba78d5d37efdbff7483ffd5585dcb3477",
    "filename": "qemu-system-x86-firmware-11.1.1-1-x86_64.pkg.tar.zst",
    "signer_fingerprint": "62CC73F884E52957B2FDD8839B7A287D9A2EC608"
  },
  {
    "name": "seabios",
    "version": "1.17.0-2",
    "url": "https://archive.archlinux.org/packages/s/seabios/seabios-1.17.0-2-any.pkg.tar.zst",
    "roles": [
      "host"
    ],
    "sha256": "edf543abcff088f94779fa1ec81096867fe5bff06b835da8e45c9c5b0e4d5269",
    "filename": "seabios-1.17.0-2-any.pkg.tar.zst",
    "signer_fingerprint": "62CC73F884E52957B2FDD8839B7A287D9A2EC608"
  },
  {
    "name": "qemu-system-x86",
    "version": "11.1.1-1",
    "url": "https://archive.archlinux.org/packages/q/qemu-system-x86/qemu-system-x86-11.1.1-1-x86_64.pkg.tar.zst",
    "roles": [
      "host"
    ],
    "sha256": "579ec30c93e8e1bc67da6b1d8f2251acdf1db0924a4cac802c33acab309c0148",
    "filename": "qemu-system-x86-11.1.1-1-x86_64.pkg.tar.zst",
    "signer_fingerprint": "62CC73F884E52957B2FDD8839B7A287D9A2EC608"
  },
  {
    "name": "qemu-img",
    "version": "11.1.1-1",
    "url": "https://archive.archlinux.org/packages/q/qemu-img/qemu-img-11.1.1-1-x86_64.pkg.tar.zst",
    "roles": [
      "host"
    ],
    "sha256": "4231338650afdfd3ce66af4705d69595e705cbf53a65a82594af39b12479d67d",
    "filename": "qemu-img-11.1.1-1-x86_64.pkg.tar.zst",
    "signer_fingerprint": "62CC73F884E52957B2FDD8839B7A287D9A2EC608"
  },
  {
    "name": "mtools",
    "version": "1:4.0.49-1",
    "url": "https://mirrors.cat.net/archlinux/extra/os/x86_64/mtools-1:4.0.49-1-x86_64.pkg.tar.zst",
    "roles": [
      "host"
    ],
    "sha256": "d5098ea3b7d1795905aa30e83cdaac9b53e081c9c08d7b02fdc2f21a7a36f449",
    "filename": "mtools-1:4.0.49-1-x86_64.pkg.tar.zst",
    "signer_fingerprint": "F00B96D15228013FFC9C9D0393B11DAA4C197E3D"
  },
  {
    "name": "dosfstools",
    "version": "4.2-5",
    "url": "https://mirrors.cat.net/archlinux/core/os/x86_64/dosfstools-4.2-5-x86_64.pkg.tar.zst",
    "roles": [
      "host"
    ],
    "sha256": "03a7d8bd939a80418d9744afad00c22b91c4b411bdf9662744647c383a0ec503",
    "filename": "dosfstools-4.2-5-x86_64.pkg.tar.zst",
    "signer_fingerprint": "E499C79F53C96A54E572FEE1C06086337C50773E"
  },
  {
    "name": "gptfdisk",
    "version": "1.0.10-2",
    "url": "https://mirrors.cat.net/archlinux/extra/os/x86_64/gptfdisk-1.0.10-2-x86_64.pkg.tar.zst",
    "roles": [
      "host"
    ],
    "sha256": "d373298ab5a7ef322af1cdcea394c7a89d3c7e7c87f6ca6c5fd7550c9d06083c",
    "filename": "gptfdisk-1.0.10-2-x86_64.pkg.tar.zst",
    "signer_fingerprint": "0429897DE5F3BDAC537A30696D42BDD116E0068F"
  }
]
